PODS:
  - ReactiveCocoa (2.5):
    - ReactiveCocoa/UI (= 2.5)
  - ReactiveCocoa/Core (2.5):
    - ReactiveCocoa/no-arc
  - ReactiveCocoa/no-arc (2.5)
  - ReactiveCocoa/UI (2.5):
    - ReactiveCocoa/Core

DEPENDENCIES:
  - ReactiveCocoa (~> 2.0)

SPEC REPOS:
  https://github.com/cocoapods/specs.git:
    - ReactiveCocoa

SPEC CHECKSUMS:
  ReactiveCocoa: e2db045570aa97c695e7aa97c2bcab222ae51f4a

PODFILE CHECKSUM: a8d67bae8093703c64a6006758844f687c672fe9

COCOAPODS: 1.5.3
